// !$*UTF8*$!
{
	archiveVersion = 1;
	classes = {
	};
	objectVersion = 56;
	objects = {

/* Begin PBXBuildFile section */
		B0C548102B399D760030856A /* TastyTapApp.swift in Sources */ = {isa = PBXBuildFile; fileRef = B0C5480F2B399D760030856A /* TastyTapApp.swift */; };
		B0C548122B399D760030856A /* ContentView.swift in Sources */ = {isa = PBXBuildFile; fileRef = B0C548112B399D760030856A /* ContentView.swift */; };
		B0C548142B399D770030856A /* Assets.xcassets in Resources */ = {isa = PBXBuildFile; fileRef = B0C548132B399D770030856A /* Assets.xcassets */; };
		B0C548172B399D770030856A /* Preview Assets.xcassets in Resources */ = {isa = PBXBuildFile; fileRef = B0C548162B399D770030856A /* Preview Assets.xcassets */; };
		B0C548212B399D770030856A /* TastyTapTests.swift in Sources */ = {isa = PBXBuildFile; fileRef = B0C548202B399D770030856A /* TastyTapTests.swift */; };
		B0C5482B2B399D770030856A /* TastyTapUITests.swift in Sources */ = {isa = PBXBuildFile; fileRef = B0C5482A2B399D770030856A /* TastyTapUITests.swift */; };
		B0C5482D2B399D770030856A /* TastyTapUITestsLaunchTests.swift in Sources */ = {isa = PBXBuildFile; fileRef = B0C5482C2B399D770030856A /* TastyTapUITestsLaunchTests.swift */; };
/* End PBXBuildFile section */

/* Begin PBXContainerItemProxy section */
		B0C5481D2B399D770030856A /* PBXContainerItemProxy */ = {
			isa = PBXContainerItemProxy;
			containerPortal = B0C548042B399D760030856A /* Project object */;
			proxyType = 1;
			remoteGlobalIDString = B0C5480B2B399D760030856A;
			remoteInfo = TastyTap;
		};
		B0C548272B399D770030856A /* PBXContainerItemProxy */ = {
			isa = PBXContainerItemProxy;
			containerPortal = B0C548042B399D760030856A /* Project object */;
			proxyType = 1;
			remoteGlobalIDString = B0C5480B2B399D760030856A;
			remoteInfo = TastyTap;
		};
/* End PBXContainerItemProxy section */

/* Begin PBXFileReference section */
		B0C5480C2B399D760030856A /* TastyTap.app */ = {isa = PBXFileReference; explicitFileType = wrapper.application; includeInIndex = 0; path = TastyTap.app; sourceTree = BUILT_PRODUCTS_DIR; };
		B0C5480F2B399D760030856A /* TastyTapApp.swift */ = {isa = PBXFileReference; lastKnownFileType = sourcecode.swift; path = TastyTapApp.swift; sourceTree = "<group>"; };
		B0C548112B399D760030856A /* ContentView.swift */ = {isa = PBXFileReference; lastKnownFileType = sourcecode.swift; path = ContentView.swift; sourceTree = "<group>"; };
		B0C548132B399D770030856A /* Assets.xcassets */ = {isa = PBXFileReference; lastKnownFileType = folder.assetcatalog; path = Assets.xcassets; sourceTree = "<group>"; };
		B0C548162B399D770030856A /* Preview Assets.xcassets */ = {isa = PBXFileReference; lastKnownFileType = folder.assetcatalog; path = "Preview Assets.xcassets"; sourceTree = "<group>"; };
		B0C5481C2B399D770030856A /* TastyTapTests.xctest */ = {isa = PBXFileReference; explicitFileType = wrapper.cfbundle; includeInIndex = 0; path = TastyTapTests.xctest; sourceTree = BUILT_PRODUCTS_DIR; };
		B0C548202B399D770030856A /* TastyTapTests.swift */ = {isa = PBXFileReference; lastKnownFileType = sourcecode.swift; path = TastyTapTests.swift; sourceTree = "<group>"; };
		B0C548262B399D770030856A /* TastyTapUITests.xctest */ = {isa = PBXFileReference; explicitFileType = wrapper.cfbundle; includeInIndex = 0; path = TastyTapUITests.xctest; sourceTree = BUILT_PRODUCTS_DIR; };
		B0C5482A2B399D770030856A /* TastyTapUITests.swift */ = {isa = PBXFileReference; lastKnownFileType = sourcecode.swift; path = TastyTapUITests.swift; sourceTree = "<group>"; };
		B0C5482C2B399D770030856A /* TastyTapUITestsLaunchTests.swift */ = {isa = PBXFileReference; lastKnownFileType = sourcecode.swift; path = TastyTapUITestsLaunchTests.swift; sourceTree = "<group>"; };
/* End PBXFileReference section */

/* Begin PBXFrameworksBuildPhase section */
		B0C548092B399D760030856A /* Frameworks */ = {
			isa = PBXFrameworksBuildPhase;
			buildActionMask = 2147483647;
			files = (
			);
			runOnlyForDeploymentPostprocessing = 0;
		};
		B0C548192B399D770030856A /* Frameworks */ = {
			isa = PBXFrameworksBuildPhase;
			buildActionMask = 2147483647;
			files = (
			);
			runOnlyForDeploymentPostprocessing = 0;
		};
		B0C548232B399D770030856A /* Frameworks */ = {
			isa = PBXFrameworksBuildPhase;
			buildActionMask = 2147483647;
			files = (
			);
			runOnlyForDeploymentPostprocessing = 0;
		};
/* End PBXFrameworksBuildPhase section */

/* Begin PBXGroup section */
		B0C548032B399D760030856A = {
			isa = PBXGroup;
			children = (
				B0C5480E2B399D760030856A /* TastyTap */,
				B0C5481F2B399D770030856A /* TastyTapTests */,
				B0C548292B399D770030856A /* TastyTapUITests */,
				B0C5480D2B399D760030856A /* Products */,
			);
			sourceTree = "<group>";
		};
		B0C5480D2B399D760030856A /* Products */ = {
			isa = PBXGroup;
			children = (
				B0C5480C2B399D760030856A /* TastyTap.app */,
				B0C5481C2B399D770030856A /* TastyTapTests.xctest */,
				B0C548262B399D770030856A /* TastyTapUITests.xctest */,
			);
			name = Products;
			sourceTree = "<group>";
		};
		B0C5480E2B399D760030856A /* TastyTap */ = {
			isa = PBXGroup;
			children = (
				B0C5480F2B399D760030856A /* TastyTapApp.swift */,
				B0C548112B399D760030856A /* ContentView.swift */,
				B0C548132B399D770030856A /* Assets.xcassets */,
				B0C548152B399D770030856A /* Preview Content */,
			);
			path = TastyTap;
			sourceTree = "<group>";
		};
		B0C548152B399D770030856A /* Preview Content */ = {
			isa = PBXGroup;
			children = (
				B0C548162B399D770030856A /* Preview Assets.xcassets */,
			);
			path = "Preview Content";
			sourceTree = "<group>";
		};
		B0C5481F2B399D770030856A /* TastyTapTests */ = {
			isa = PBXGroup;
			children = (
				B0C548202B399D770030856A /* TastyTapTests.swift */,
			);
			path = TastyTapTests;
			sourceTree = "<group>";
		};
		B0C548292B399D770030856A /* TastyTapUITests */ = {
			isa = PBXGroup;
			children = (
				B0C5482A2B399D770030856A /* TastyTapUITests.swift */,
				B0C5482C2B399D770030856A /* TastyTapUITestsLaunchTests.swift */,
			);
			path = TastyTapUITests;
			sourceTree = "<group>";
		};
/* End PBXGroup section */

/* Begin PBXNativeTarget section */
		B0C5480B2B399D760030856A /* TastyTap */ = {
			isa = PBXNativeTarget;
			buildConfigurationList = B0C548302B399D770030856A /* Build configuration list for PBXNativeTarget "TastyTap" */;
			buildPhases = (
				B0C548082B399D760030856A /* Sources */,
				B0C548092B399D760030856A /* Frameworks */,
				B0C5480A2B399D760030856A /* Resources */,
			);
			buildRules = (
			);
			dependencies = (
			);
			name = TastyTap;
			productName = TastyTap;
			productReference = B0C5480C2B399D760030856A /* TastyTap.app */;
			productType = "com.apple.product-type.application";
		};
		B0C5481B2B399D770030856A /* TastyTapTests */ = {
			isa = PBXNativeTarget;
			buildConfigurationList = B0C548332B399D770030856A /* Build configuration list for PBXNativeTarget "TastyTapTests" */;
			buildPhases = (
				B0C548182B399D770030856A /* Sources */,
				B0C548192B399D770030856A /* Frameworks */,
				B0C5481A2B399D770030856A /* Resources */,
			);
			buildRules = (
			);
			dependencies = (
				B0C5481E2B399D770030856A /* PBXTargetDependency */,
			);
			name = TastyTapTests;
			productName = TastyTapTests;
			productReference = B0C5481C2B399D770030856A /* TastyTapTests.xctest */;
			productType = "com.apple.product-type.bundle.unit-test";
		};
		B0C548252B399D770030856A /* TastyTapUITests */ = {
			isa = PBXNativeTarget;
			buildConfigurationList = B0C548362B399D770030856A /* Build configuration list for PBXNativeTarget "TastyTapUITests" */;
			buildPhases = (
				B0C548222B399D770030856A /* Sources */,
				B0C548232B399D770030856A /* Frameworks */,
				B0C548242B399D770030856A /* Resources */,
			);
			buildRules = (
			);
			dependencies = (
				B0C548282B399D770030856A /* PBXTargetDependency */,
			);
			name = TastyTapUITests;
			productName = TastyTapUITests;
			productReference = B0C548262B399D770030856A /* TastyTapUITests.xctest */;
			productType = "com.apple.product-type.bundle.ui-testing";
		};
/* End PBXNativeTarget section */

/* Begin PBXProject section */
		B0C548042B399D760030856A /* Project object */ = {
			isa = PBXProject;
			attributes = {
				BuildIndependentTargetsInParallel = 1;
				LastSwiftUpdateCheck = 1500;
				LastUpgradeCheck = 1500;
				TargetAttributes = {
					B0C5480B2B399D760030856A = {
						CreatedOnToolsVersion = 15.0.1;
					};
					B0C5481B2B399D770030856A = {
						CreatedOnToolsVersion = 15.0.1;
						TestTargetID = B0C5480B2B399D760030856A;
					};
					B0C548252B399D770030856A = {
						CreatedOnToolsVersion = 15.0.1;
						TestTargetID = B0C5480B2B399D760030856A;
					};
				};
			};
			buildConfigurationList = B0C548072B399D760030856A /* Build configuration list for PBXProject "TastyTap" */;
			compatibilityVersion = "Xcode 14.0";
			developmentRegion = en;
			hasScannedForEncodings = 0;
			knownRegions = (
				en,
				Base,
			);
			mainGroup = B0C548032B399D760030856A;
			productRefGroup = B0C5480D2B399D760030856A /* Products */;
			projectDirPath = "";
			projectRoot = "";
			targets = (
				B0C5480B2B399D760030856A /* TastyTap */,
				B0C5481B2B399D770030856A /* TastyTapTests */,
				B0C548252B399D770030856A /* TastyTapUITests */,
			);
		};
/* End PBXProject section */

/* Begin PBXResourcesBuildPhase section */
		B0C5480A2B399D760030856A /* Resources */ = {
			isa = PBXResourcesBuildPhase;
			buildActionMask = 2147483647;
			files = (
				B0C548172B399D770030856A /* Preview Assets.xcassets in Resources */,
				B0C548142B399D770030856A /* Assets.xcassets in Resources */,
			);
			runOnlyForDeploymentPostprocessing = 0;
		};
		B0C5481A2B399D770030856A /* Resources */ = {
			isa = PBXResourcesBuildPhase;
			buildActionMask = 2147483647;
			files = (
			);
			runOnlyForDeploymentPostprocessing = 0;
		};
		B0C548242B399D770030856A /* Resources */ = {
			isa = PBXResourcesBuildPhase;
			buildActionMask = 2147483647;
			files = (
			);
			runOnlyForDeploymentPostprocessing = 0;
		};
/* End PBXResourcesBuildPhase section */

/* Begin PBXSourcesBuildPhase section */
		B0C548082B399D760030856A /* Sources */ = {
			isa = PBXSourcesBuildPhase;
			buildActionMask = 2147483647;
			files = (
				B0C548122B399D760030856A /* ContentView.swift in Sources */,
				B0C548102B399D760030856A /* TastyTapApp.swift in Sources */,
			);
			runOnlyForDeploymentPostprocessing = 0;
		};
		B0C548182B399D770030856A /* Sources */ = {
			isa = PBXSourcesBuildPhase;
			buildActionMask = 2147483647;
			files = (
				B0C548212B399D770030856A /* TastyTapTests.swift in Sources */,
			);
			runOnlyForDeploymentPostprocessing = 0;
		};
		B0C548222B399D770030856A /* Sources */ = {
			isa = PBXSourcesBuildPhase;
			buildActionMask = 2147483647;
			files = (
				B0C5482D2B399D770030856A /* TastyTapUITestsLaunchTests.swift in Sources */,
				B0C5482B2B399D770030856A /* TastyTapUITests.swift in Sources */,
			);
			runOnlyForDeploymentPostprocessing = 0;
		};
/* End PBXSourcesBuildPhase section */

/* Begin PBXTargetDependency section */
		B0C5481E2B399D770030856A /* PBXTargetDependency */ = {
			isa = PBXTargetDependency;
			target = B0C5480B2B399D760030856A /* TastyTap */;
			targetProxy = B0C5481D2B399D770030856A /* PBXContainerItemProxy */;
		};
		B0C548282B399D770030856A /* PBXTargetDependency */ = {
			isa = PBXTargetDependency;
			target = B0C5480B2B399D760030856A /* TastyTap */;
			targetProxy = B0C548272B399D770030856A /* PBXContainerItemProxy */;
		};
/* End PBXTargetDependency section */

/* Begin XCBuildConfiguration section */
		B0C5482E2B399D770030856A /* Debug */ = {
			isa = XCBuildConfiguration;
			buildSettings = {
				ALWAYS_SEARCH_USER_PATHS = NO;
				ASSETCATALOG_COMPILER_GENERATE_SWIFT_ASSET_SYMBOL_EXTENSIONS = YES;
				CLANG_ANALYZER_NONNULL = YES;
				CLANG_ANALYZER_NUMBER_OBJECT_CONVERSION = YES_AGGRESSIVE;
				CLANG_CXX_LANGUAGE_STANDARD = "gnu++20";
				CLANG_ENABLE_MODULES = YES;
				CLANG_ENABLE_OBJC_ARC = YES;
				CLANG_ENABLE_OBJC_WEAK = YES;
				CLANG_WARN_BLOCK_CAPTURE_AUTORELEASING = YES;
				CLANG_WARN_BOOL_CONVERSION = YES;
				CLANG_WARN_COMMA = YES;
				CLANG_WARN_CONSTANT_CONVERSION = YES;
				CLANG_WARN_DEPRECATED_OBJC_IMPLEMENTATIONS = YES;
				CLANG_WARN_DIRECT_OBJC_ISA_USAGE = YES_ERROR;
				CLANG_WARN_DOCUMENTATION_COMMENTS = YES;
				CLANG_WARN_EMPTY_BODY = YES;
				CLANG_WARN_ENUM_CONVERSION = YES;
				CLANG_WARN_INFINITE_RECURSION = YES;
				CLANG_WARN_INT_CONVERSION = YES;
				CLANG_WARN_NON_LITERAL_NULL_CONVERSION = YES;
				CLANG_WARN_OBJC_IMPLICIT_RETAIN_SELF = YES;
				CLANG_WARN_OBJC_LITERAL_CONVERSION = YES;
				CLANG_WARN_OBJC_ROOT_CLASS = YES_ERROR;
				CLANG_WARN_QUOTED_INCLUDE_IN_FRAMEWORK_HEADER = YES;
				CLANG_WARN_RANGE_LOOP_ANALYSIS = YES;
				CLANG_WARN_STRICT_PROTOTYPES = YES;
				CLANG_WARN_SUSPICIOUS_MOVE = YES;
				CLANG_WARN_UNGUARDED_AVAILABILITY = YES_AGGRESSIVE;
				CLANG_WARN_UNREACHABLE_CODE = YES;
				CLANG_WARN__DUPLICATE_METHOD_MATCH = YES;
				COPY_PHASE_STRIP = NO;
				DEBUG_INFORMATION_FORMAT = dwarf;
				ENABLE_STRICT_OBJC_MSGSEND = YES;
				ENABLE_TESTABILITY = YES;
				ENABLE_USER_SCRIPT_SANDBOXING = YES;
				GCC_C_LANGUAGE_STANDARD = gnu17;
				GCC_DYNAMIC_NO_PIC = NO;
				GCC_NO_COMMON_BLOCKS = YES;
				GCC_OPTIMIZATION_LEVEL = 0;
				GCC_PREPROCESSOR_DEFINITIONS = (
					"DEBUG=1",
					"$(inherited)",
				);
				GCC_WARN_64_TO_32_BIT_CONVERSION = YES;
				GCC_WARN_ABOUT_RETURN_TYPE = YES_ERROR;
				GCC_WARN_UNDECLARED_SELECTOR = YES;
				GCC_WARN_UNINITIALIZED_AUTOS = YES_AGGRESSIVE;
				GCC_WARN_UNUSED_FUNCTION = YES;
				GCC_WARN_UNUSED_VARIABLE = YES;
				IPHONEOS_DEPLOYMENT_TARGET = 17.0;
				LOCALIZATION_PREFERS_STRING_CATALOGS = YES;
				MTL_ENABLE_DEBUG_INFO = INCLUDE_SOURCE;
				MTL_FAST_MATH = YES;
				ONLY_ACTIVE_ARCH = YES;
				SDKROOT = iphoneos;
				SWIFT_ACTIVE_COMPILATION_CONDITIONS = "DEBUG $(inherited)";
				SWIFT_OPTIMIZATION_LEVEL = "-Onone";
			};
			name = Debug;
		};
		B0C5482F2B399D770030856A /* Release */ = {
			isa = XCBuildConfiguration;
			buildSettings = {
				ALWAYS_SEARCH_USER_PATHS = NO;
				ASSETCATALOG_COMPILER_GENERATE_SWIFT_ASSET_SYMBOL_EXTENSIONS = YES;
				CLANG_ANALYZER_NONNULL = YES;
				CLANG_ANALYZER_NUMBER_OBJECT_CONVERSION = YES_AGGRESSIVE;
				CLANG_CXX_LANGUAGE_STANDARD = "gnu++20";
				CLANG_ENABLE_MODULES = YES;
				CLANG_ENABLE_OBJC_ARC = YES;
				CLANG_ENABLE_OBJC_WEAK = YES;
				CLANG_WARN_BLOCK_CAPTURE_AUTORELEASING = YES;
				CLANG_WARN_BOOL_CONVERSION = YES;
				CLANG_WARN_COMMA = YES;
				CLANG_WARN_CONSTANT_CONVERSION = YES;
				CLANG_WARN_DEPRECATED_OBJC_IMPLEMENTATIONS = YES;
				CLANG_WARN_DIRECT_OBJC_ISA_USAGE = YES_ERROR;
				CLANG_WARN_DOCUMENTATION_COMMENTS = YES;
				CLANG_WARN_EMPTY_BODY = YES;
				CLANG_WARN_ENUM_CONVERSION = YES;
				CLANG_WARN_INFINITE_RECURSION = YES;
				CLANG_WARN_INT_CONVERSION = YES;
				CLANG_WARN_NON_LITERAL_NULL_CONVERSION = YES;
				CLANG_WARN_OBJC_IMPLICIT_RETAIN_SELF = YES;
				CLANG_WARN_OBJC_LITERAL_CONVERSION = YES;
				CLANG_WARN_OBJC_ROOT_CLASS = YES_ERROR;
				CLANG_WARN_QUOTED_INCLUDE_IN_FRAMEWORK_HEADER = YES;
				CLANG_WARN_RANGE_LOOP_ANALYSIS = YES;
				CLANG_WARN_STRICT_PROTOTYPES = YES;
				CLANG_WARN_SUSPICIOUS_MOVE = YES;
				CLANG_WARN_UNGUARDED_AVAILABILITY = YES_AGGRESSIVE;
				CLANG_WARN_UNREACHABLE_CODE = YES;
				CLANG_WARN__DUPLICATE_METHOD_MATCH = YES;
				COPY_PHASE_STRIP = NO;
				DEBUG_INFORMATION_FORMAT = "dwarf-with-dsym";
				ENABLE_NS_ASSERTIONS = NO;
				ENABLE_STRICT_OBJC_MSGSEND = YES;
				ENABLE_USER_SCRIPT_SANDBOXING = YES;
				GCC_C_LANGUAGE_STANDARD = gnu17;
				GCC_NO_COMMON_BLOCKS = YES;
				GCC_WARN_64_TO_32_BIT_CONVERSION = YES;
				GCC_WARN_ABOUT_RETURN_TYPE = YES_ERROR;
				GCC_WARN_UNDECLARED_SELECTOR = YES;
				GCC_WARN_UNINITIALIZED_AUTOS = YES_AGGRESSIVE;
				GCC_WARN_UNUSED_FUNCTION = YES;
				GCC_WARN_UNUSED_VARIABLE = YES;
				IPHONEOS_DEPLOYMENT_TARGET = 17.0;
				LOCALIZATION_PREFERS_STRING_CATALOGS = YES;
				MTL_ENABLE_DEBUG_INFO = NO;
				MTL_FAST_MATH = YES;
				SDKROOT = iphoneos;
				SWIFT_COMPILATION_MODE = wholemodule;
				VALIDATE_PRODUCT = YES;
			};
			name = Release;
		};
		B0C548312B399D770030856A /* Debug */ = {
			isa = XCBuildConfiguration;
			buildSettings = {
				ASSETCATALOG_COMPILER_APPICON_NAME = AppIcon;
				ASSETCATALOG_COMPILER_GLOBAL_ACCENT_COLOR_NAME = AccentColor;
				CODE_SIGN_STYLE = Automatic;
				CURRENT_PROJECT_VERSION = 1;
				DEVELOPMENT_ASSET_PATHS = "\"TastyTap/Preview Content\"";
				DEVELOPMENT_TEAM = RA8G3AGA7F;
				ENABLE_PREVIEWS = YES;
				GENERATE_INFOPLIST_FILE = YES;
				INFOPLIST_KEY_UIApplicationSceneManifest_Generation = YES;
				INFOPLIST_KEY_UIApplicationSupportsIndirectInputEvents = YES;
				INFOPLIST_KEY_UILaunchScreen_Generation = YES;
				INFOPLIST_KEY_UISupportedInterfaceOrientations_iPad = "UIInterfaceOrientationPortrait UIInterfaceOrientationPortraitUpsideDown UIInterfaceOrientationLandscapeLeft UIInterfaceOrientationLandscapeRight";
				INFOPLIST_KEY_UISupportedInterfaceOrientations_iPhone = "UIInterfaceOrientationPortrait UIInterfaceOrientationLandscapeLeft UIInterfaceOrientationLandscapeRight";
				LD_RUNPATH_SEARCH_PATHS = (
					"$(inherited)",
					"@executable_path/Frameworks",
				);
				MARKETING_VERSION = 1.0;
				PRODUCT_BUNDLE_IDENTIFIER = com.aranali.TastyTap;
				PRODUCT_NAME = "$(TARGET_NAME)";
				SWIFT_EMIT_LOC_STRINGS = YES;
				SWIFT_VERSION = 5.0;
				TARGETED_DEVICE_FAMILY = "1,2";
			};
			name = Debug;
		};
		B0C548322B399D770030856A /* Release */ = {
			isa = XCBuildConfiguration;
			buildSettings = {
				ASSETCATALOG_COMPILER_APPICON_NAME = AppIcon;
				ASSETCATALOG_COMPILER_GLOBAL_ACCENT_COLOR_NAME = AccentColor;
				CODE_SIGN_STYLE = Automatic;
				CURRENT_PROJECT_VERSION = 1;
				DEVELOPMENT_ASSET_PATHS = "\"TastyTap/Preview Content\"";
				DEVELOPMENT_TEAM = RA8G3AGA7F;
				ENABLE_PREVIEWS = YES;
				GENERATE_INFOPLIST_FILE = YES;
				INFOPLIST_KEY_UIApplicationSceneManifest_Generation = YES;
				INFOPLIST_KEY_UIApplicationSupportsIndirectInputEvents = YES;
				INFOPLIST_KEY_UILaunchScreen_Generation = YES;
				INFOPLIST_KEY_UISupportedInterfaceOrientations_iPad = "UIInterfaceOrientationPortrait UIInterfaceOrientationPortraitUpsideDown UIInterfaceOrientationLandscapeLeft UIInterfaceOrientationLandscapeRight";
				INFOPLIST_KEY_UISupportedInterfaceOrientations_iPhone = "UIInterfaceOrientationPortrait UIInterfaceOrientationLandscapeLeft UIInterfaceOrientationLandscapeRight";
				LD_RUNPATH_SEARCH_PATHS = (
					"$(inherited)",
					"@executable_path/Frameworks",
				);
				MARKETING_VERSION = 1.0;
				PRODUCT_BUNDLE_IDENTIFIER = com.aranali.TastyTap;
				PRODUCT_NAME = "$(TARGET_NAME)";
				SWIFT_EMIT_LOC_STRINGS = YES;
				SWIFT_VERSION = 5.0;
				TARGETED_DEVICE_FAMILY = "1,2";
			};
			name = Release;
		};
		B0C548342B399D770030856A /* Debug */ = {
			isa = XCBuildConfiguration;
			buildSettings = {
				ALWAYS_EMBED_SWIFT_STANDARD_LIBRARIES = YES;
				BUNDLE_LOADER = "$(TEST_HOST)";
				CODE_SIGN_STYLE = Automatic;
				CURRENT_PROJECT_VERSION = 1;
				DEVELOPMENT_TEAM = RA8G3AGA7F;
				GENERATE_INFOPLIST_FILE = YES;
				IPHONEOS_DEPLOYMENT_TARGET = 17.0;
				MARKETING_VERSION = 1.0;
				PRODUCT_BUNDLE_IDENTIFIER = com.aranali.TastyTapTests;
				PRODUCT_NAME = "$(TARGET_NAME)";
				SWIFT_EMIT_LOC_STRINGS = NO;
				SWIFT_VERSION = 5.0;
				TARGETED_DEVICE_FAMILY = "1,2";
				TEST_HOST = "$(BUILT_PRODUCTS_DIR)/TastyTap.app/$(BUNDLE_EXECUTABLE_FOLDER_PATH)/TastyTap";
			};
			name = Debug;
		};
		B0C548352B399D770030856A /* Release */ = {
			isa = XCBuildConfiguration;
			buildSettings = {
				ALWAYS_EMBED_SWIFT_STANDARD_LIBRARIES = YES;
				BUNDLE_LOADER = "$(TEST_HOST)";
				CODE_SIGN_STYLE = Automatic;
				CURRENT_PROJECT_VERSION = 1;
				DEVELOPMENT_TEAM = RA8G3AGA7F;
				GENERATE_INFOPLIST_FILE = YES;
				IPHONEOS_DEPLOYMENT_TARGET = 17.0;
				MARKETING_VERSION = 1.0;
				PRODUCT_BUNDLE_IDENTIFIER = com.aranali.TastyTapTests;
				PRODUCT_NAME = "$(TARGET_NAME)";
				SWIFT_EMIT_LOC_STRINGS = NO;
				SWIFT_VERSION = 5.0;
				TARGETED_DEVICE_FAMILY = "1,2";
				TEST_HOST = "$(BUILT_PRODUCTS_DIR)/TastyTap.app/$(BUNDLE_EXECUTABLE_FOLDER_PATH)/TastyTap";
			};
			name = Release;
		};
		B0C548372B399D770030856A /* Debug */ = {
			isa = XCBuildConfiguration;
			buildSettings = {
				ALWAYS_EMBED_SWIFT_STANDARD_LIBRARIES = YES;
				CODE_SIGN_STYLE = Automatic;
				CURRENT_PROJECT_VERSION = 1;
				DEVELOPMENT_TEAM = RA8G3AGA7F;
				GENERATE_INFOPLIST_FILE = YES;
				MARKETING_VERSION = 1.0;
				PRODUCT_BUNDLE_IDENTIFIER = com.aranali.TastyTapUITests;
				PRODUCT_NAME = "$(TARGET_NAME)";
				SWIFT_EMIT_LOC_STRINGS = NO;
				SWIFT_VERSION = 5.0;
				TARGETED_DEVICE_FAMILY = "1,2";
				TEST_TARGET_NAME = TastyTap;
			};
			name = Debug;
		};
		B0C548382B399D770030856A /* Release */ = {
			isa = XCBuildConfiguration;
			buildSettings = {
				ALWAYS_EMBED_SWIFT_STANDARD_LIBRARIES = YES;
				CODE_SIGN_STYLE = Automatic;
				CURRENT_PROJECT_VERSION = 1;
				DEVELOPMENT_TEAM = RA8G3AGA7F;
				GENERATE_INFOPLIST_FILE = YES;
				MARKETING_VERSION = 1.0;
				PRODUCT_BUNDLE_IDENTIFIER = com.aranali.TastyTapUITests;
				PRODUCT_NAME = "$(TARGET_NAME)";
				SWIFT_EMIT_LOC_STRINGS = NO;
				SWIFT_VERSION = 5.0;
				TARGETED_DEVICE_FAMILY = "1,2";
				TEST_TARGET_NAME = TastyTap;
			};
			name = Release;
		};
/* End XCBuildConfiguration section */

/* Begin XCConfigurationList section */
		B0C548072B399D760030856A /* Build configuration list for PBXProject "TastyTap" */ = {
			isa = XCConfigurationList;
			buildConfigurations = (
				B0C5482E2B399D770030856A /* Debug */,
				B0C5482F2B399D770030856A /* Release */,
			);
			defaultConfigurationIsVisible = 0;
			defaultConfigurationName = Release;
		};
		B0C548302B399D770030856A /* Build configuration list for PBXNativeTarget "TastyTap" */ = {
			isa = XCConfigurationList;
			buildConfigurations = (
				B0C548312B399D770030856A /* Debug */,
				B0C548322B399D770030856A /* Release */,
			);
			defaultConfigurationIsVisible = 0;
			defaultConfigurationName = Release;
		};
		B0C548332B399D770030856A /* Build configuration list for PBXNativeTarget "TastyTapTests" */ = {
			isa = XCConfigurationList;
			buildConfigurations = (
				B0C548342B399D770030856A /* Debug */,
				B0C548352B399D770030856A /* Release */,
			);
			defaultConfigurationIsVisible = 0;
			defaultConfigurationName = Release;
		};
		B0C548362B399D770030856A /* Build configuration list for PBXNativeTarget "TastyTapUITests" */ = {
			isa = XCConfigurationList;
			buildConfigurations = (
				B0C548372B399D770030856A /* Debug */,
				B0C548382B399D770030856A /* Release */,
			);
			defaultConfigurationIsVisible = 0;
			defaultConfigurationName = Release;
		};
/* End XCConfigurationList section */
	};
	rootObject = B0C548042B399D760030856A /* Project object */;
}
